
Microsoft Visual Studio Solution File, Format Version 12.00
# Visual Studio Version 17
VisualStudioVersion = 17.10.35201.131
MinimumVisualStudioVersion = 10.0.40219.1
Project("{9A19103F-16F7-4668-BE54-9A1E7A4F7556}") = "Core", "src\Core\Core.csproj", "{133C95F3-68E7-47EC-9F14-ABBE971468AD}"
EndProject
Project("{2150E333-8FDC-42A3-9474-1A3956D46DE8}") = "Solution Items", "Solution Items", "{C60C8DC5-A1DD-4D93-B498-78ED2A58AA97}"
	ProjectSection(SolutionItems) = preProject
		.gitattributes = .gitattributes
		.gitignore = .gitignore
		LICENSE.txt = LICENSE.txt
		README.md = README.md
	EndProjectSection
EndProject
Project("{9A19103F-16F7-4668-BE54-9A1E7A4F7556}") = "App", "src\App\App.csproj", "{9310AB4D-7D01-4818-8C94-716A39AB2178}"
EndProject
Project("{9A19103F-16F7-4668-BE54-9A1E7A4F7556}") = "Infra", "src\Infra\Infra.csproj", "{F8B88E6F-1D93-443A-9DE4-178050440AB8}"
EndProject
Project("{9A19103F-16F7-4668-BE54-9A1E7A4F7556}") = "WebApp", "src\WebApp\WebApp.csproj", "{35F615B6-814B-42AC-B103-ED4164087866}"
EndProject
Global
	GlobalSection(SolutionConfigurationPlatforms) = preSolution
		Debug|Any CPU = Debug|Any CPU
		Release|Any CPU = Release|Any CPU
	EndGlobalSection
	GlobalSection(ProjectConfigurationPlatforms) = postSolution
		{133C95F3-68E7-47EC-9F14-ABBE971468AD}.Debug|Any CPU.ActiveCfg = Debug|Any CPU
		{133C95F3-68E7-47EC-9F14-ABBE971468AD}.Debug|Any CPU.Build.0 = Debug|Any CPU
		{133C95F3-68E7-47EC-9F14-ABBE971468AD}.Release|Any CPU.ActiveCfg = Release|Any CPU
		{133C95F3-68E7-47EC-9F14-ABBE971468AD}.Release|Any CPU.Build.0 = Release|Any CPU
		{9310AB4D-7D01-4818-8C94-716A39AB2178}.Debug|Any CPU.ActiveCfg = Debug|Any CPU
		{9310AB4D-7D01-4818-8C94-716A39AB2178}.Debug|Any CPU.Build.0 = Debug|Any CPU
		{9310AB4D-7D01-4818-8C94-716A39AB2178}.Release|Any CPU.ActiveCfg = Release|Any CPU
		{9310AB4D-7D01-4818-8C94-716A39AB2178}.Release|Any CPU.Build.0 = Release|Any CPU
		{F8B88E6F-1D93-443A-9DE4-178050440AB8}.Debug|Any CPU.ActiveCfg = Debug|Any CPU
		{F8B88E6F-1D93-443A-9DE4-178050440AB8}.Debug|Any CPU.Build.0 = Debug|Any CPU
		{F8B88E6F-1D93-443A-9DE4-178050440AB8}.Release|Any CPU.ActiveCfg = Release|Any CPU
		{F8B88E6F-1D93-443A-9DE4-178050440AB8}.Release|Any CPU.Build.0 = Release|Any CPU
		{35F615B6-814B-42AC-B103-ED4164087866}.Debug|Any CPU.ActiveCfg = Debug|Any CPU
		{35F615B6-814B-42AC-B103-ED4164087866}.Debug|Any CPU.Build.0 = Debug|Any CPU
		{35F615B6-814B-42AC-B103-ED4164087866}.Release|Any CPU.ActiveCfg = Release|Any CPU
		{35F615B6-814B-42AC-B103-ED4164087866}.Release|Any CPU.Build.0 = Release|Any CPU
	EndGlobalSection
	GlobalSection(SolutionProperties) = preSolution
		HideSolutionNode = FALSE
	EndGlobalSection
	GlobalSection(ExtensibilityGlobals) = postSolution
		SolutionGuid = {D02709BC-4064-422A-9769-3CCE343D6E89}
	EndGlobalSection
EndGlobal
